
Microsoft Visual Studio Solution File, Format Version 12.00
# Visual Studio Version 17
VisualStudioVersion = 17.7.34221.43
MinimumVisualStudioVersion = 10.0.40219.1
Project("{FAE04EC0-301F-11D3-BF4B-00C04F79EFBC}") = "Article28", "Article28\Article28.csproj", "{0B98B535-0049-4BBB-95BC-F848D4001B80}"
EndProject
Global
	GlobalSection(SolutionConfigurationPlatforms) = preSolution
		Debug|Any CPU = Debug|Any CPU
		Release|Any CPU = Release|Any CPU
	EndGlobalSection
	GlobalSection(ProjectConfigurationPlatforms) = postSolution
		{0B98B535-0049-4BBB-95BC-F848D4001B80}.Debug|Any CPU.ActiveCfg = Debug|Any CPU
		{0B98B535-0049-4BBB-95BC-F848D4001B80}.Debug|Any CPU.Build.0 = Debug|Any CPU
		{0B98B535-0049-4BBB-95BC-F848D4001B80}.Release|Any CPU.ActiveCfg = Release|Any CPU
		{0B98B535-0049-4BBB-95BC-F848D4001B80}.Release|Any CPU.Build.0 = Release|Any CPU
	EndGlobalSection
	GlobalSection(SolutionProperties) = preSolution
		HideSolutionNode = FALSE
	EndGlobalSection
	GlobalSection(ExtensibilityGlobals) = postSolution
		SolutionGuid = {F0BFEBF7-8584-48F3-A0C4-0262E6657296}
	EndGlobalSection
EndGlobal
